
Microsoft Visual Studio Solution File, Format Version 12.00
# Visual Studio Version 16
VisualStudioVersion = 16.0.32630.194
MinimumVisualStudioVersion = 10.0.40219.1
Project("{FAE04EC0-301F-11D3-BF4B-00C04F79EFBC}") = "HW_04_Rows, Rows", "HW_04_String\HW_04_Rows, Rows.csproj", "{E7C348E2-5BEC-4B94-B83B-B3E09242D959}"
EndProject
Global
	GlobalSection(SolutionConfigurationPlatforms) = preSolution
		Debug|Any CPU = Debug|Any CPU
		Release|Any CPU = Release|Any CPU
	EndGlobalSection
	GlobalSection(ProjectConfigurationPlatforms) = postSolution
		{E7C348E2-5BEC-4B94-B83B-B3E09242D959}.Debug|Any CPU.ActiveCfg = Debug|Any CPU
		{E7C348E2-5BEC-4B94-B83B-B3E09242D959}.Debug|Any CPU.Build.0 = Debug|Any CPU
		{E7C348E2-5BEC-4B94-B83B-B3E09242D959}.Release|Any CPU.ActiveCfg = Release|Any CPU
		{E7C348E2-5BEC-4B94-B83B-B3E09242D959}.Release|Any CPU.Build.0 = Release|Any CPU
	EndGlobalSection
	GlobalSection(SolutionProperties) = preSolution
		HideSolutionNode = FALSE
	EndGlobalSection
	GlobalSection(ExtensibilityGlobals) = postSolution
		SolutionGuid = {CA30486E-1187-4DE0-9131-71E33D5F006E}
	EndGlobalSection
EndGlobal
